// !$*UTF8*$!
{
	archiveVersion = 1;
	classes = {
	};
	objectVersion = 55;
	objects = {

/* Begin PBXBuildFile section */
		FCC90BCD28B8BBC4003ECA16 /* MainViewController.swift in Sources */ = {isa = PBXBuildFile; fileRef = FCC90BCC28B8BBC4003ECA16 /* MainViewController.swift */; };
		FCC90BCF28B8BBE4003ECA16 /* MainViewController.storyboard in Resources */ = {isa = PBXBuildFile; fileRef = FCC90BCE28B8BBE4003ECA16 /* MainViewController.storyboard */; };
		FCC90BD128B8BC17003ECA16 /* DescriptionViewController.swift in Sources */ = {isa = PBXBuildFile; fileRef = FCC90BD028B8BC17003ECA16 /* DescriptionViewController.swift */; };
		FCC90BD528B8FD8D003ECA16 /* Model.swift in Sources */ = {isa = PBXBuildFile; fileRef = FCC90BD428B8FD8D003ECA16 /* Model.swift */; };
		FCC90BD728B8FE06003ECA16 /* NetworkService.swift in Sources */ = {isa = PBXBuildFile; fileRef = FCC90BD628B8FE06003ECA16 /* NetworkService.swift */; };
		FCC90BD928BCA4E6003ECA16 /* NewViewController.swift in Sources */ = {isa = PBXBuildFile; fileRef = FCC90BD828BCA4E6003ECA16 /* NewViewController.swift */; };
		FCC90BDB28BCBD30003ECA16 /* GalleryCollectionView.swift in Sources */ = {isa = PBXBuildFile; fileRef = FCC90BDA28BCBD30003ECA16 /* GalleryCollectionView.swift */; };
		FCC90BDD28BCC5BB003ECA16 /* GalleryCollectionViewCell.swift in Sources */ = {isa = PBXBuildFile; fileRef = FCC90BDC28BCC5BB003ECA16 /* GalleryCollectionViewCell.swift */; };
		FCD19B8628B6774E0037C025 /* AppDelegate.swift in Sources */ = {isa = PBXBuildFile; fileRef = FCD19B8528B6774E0037C025 /* AppDelegate.swift */; };
		FCD19B8828B6774E0037C025 /* SceneDelegate.swift in Sources */ = {isa = PBXBuildFile; fileRef = FCD19B8728B6774E0037C025 /* SceneDelegate.swift */; };
		FCD19B8F28B677520037C025 /* Assets.xcassets in Resources */ = {isa = PBXBuildFile; fileRef = FCD19B8E28B677520037C025 /* Assets.xcassets */; };
		FCD19B9228B677520037C025 /* LaunchScreen.storyboard in Resources */ = {isa = PBXBuildFile; fileRef = FCD19B9028B677520037C025 /* LaunchScreen.storyboard */; };
/* End PBXBuildFile section */

/* Begin PBXFileReference section */
		FCC90BCC28B8BBC4003ECA16 /* MainViewController.swift */ = {isa = PBXFileReference; lastKnownFileType = sourcecode.swift; path = MainViewController.swift; sourceTree = "<group>"; };
		FCC90BCE28B8BBE4003ECA16 /* MainViewController.storyboard */ = {isa = PBXFileReference; lastKnownFileType = file.storyboard; path = MainViewController.storyboard; sourceTree = "<group>"; };
		FCC90BD028B8BC17003ECA16 /* DescriptionViewController.swift */ = {isa = PBXFileReference; lastKnownFileType = sourcecode.swift; path = DescriptionViewController.swift; sourceTree = "<group>"; };
		FCC90BD428B8FD8D003ECA16 /* Model.swift */ = {isa = PBXFileReference; lastKnownFileType = sourcecode.swift; path = Model.swift; sourceTree = "<group>"; };
		FCC90BD628B8FE06003ECA16 /* NetworkService.swift */ = {isa = PBXFileReference; lastKnownFileType = sourcecode.swift; path = NetworkService.swift; sourceTree = "<group>"; };
		FCC90BD828BCA4E6003ECA16 /* NewViewController.swift */ = {isa = PBXFileReference; lastKnownFileType = sourcecode.swift; path = NewViewController.swift; sourceTree = "<group>"; };
		FCC90BDA28BCBD30003ECA16 /* GalleryCollectionView.swift */ = {isa = PBXFileReference; lastKnownFileType = sourcecode.swift; path = GalleryCollectionView.swift; sourceTree = "<group>"; };
		FCC90BDC28BCC5BB003ECA16 /* GalleryCollectionViewCell.swift */ = {isa = PBXFileReference; lastKnownFileType = sourcecode.swift; path = GalleryCollectionViewCell.swift; sourceTree = "<group>"; };
		FCD19B8228B6774E0037C025 /* WebAntPhotoGallery.app */ = {isa = PBXFileReference; explicitFileType = wrapper.application; includeInIndex = 0; path = WebAntPhotoGallery.app; sourceTree = BUILT_PRODUCTS_DIR; };
		FCD19B8528B6774E0037C025 /* AppDelegate.swift */ = {isa = PBXFileReference; lastKnownFileType = sourcecode.swift; path = AppDelegate.swift; sourceTree = "<group>"; };
		FCD19B8728B6774E0037C025 /* SceneDelegate.swift */ = {isa = PBXFileReference; lastKnownFileType = sourcecode.swift; path = SceneDelegate.swift; sourceTree = "<group>"; };
		FCD19B8E28B677520037C025 /* Assets.xcassets */ = {isa = PBXFileReference; lastKnownFileType = folder.assetcatalog; path = Assets.xcassets; sourceTree = "<group>"; };
		FCD19B9128B677520037C025 /* Base */ = {isa = PBXFileReference; lastKnownFileType = file.storyboard; name = Base; path = Base.lproj/LaunchScreen.storyboard; sourceTree = "<group>"; };
		FCD19B9328B677520037C025 /* Info.plist */ = {isa = PBXFileReference; lastKnownFileType = text.plist.xml; path = Info.plist; sourceTree = "<group>"; };
/* End PBXFileReference section */

/* Begin PBXFrameworksBuildPhase section */
		FCD19B7F28B6774E0037C025 /* Frameworks */ = {
			isa = PBXFrameworksBuildPhase;
			buildActionMask = 2147483647;
			files = (
			);
			runOnlyForDeploymentPostprocessing = 0;
		};
/* End PBXFrameworksBuildPhase section */

/* Begin PBXGroup section */
		FCC90BD228B8FD63003ECA16 /* API */ = {
			isa = PBXGroup;
			children = (
				FCC90BD428B8FD8D003ECA16 /* Model.swift */,
				FCC90BD628B8FE06003ECA16 /* NetworkService.swift */,
			);
			path = API;
			sourceTree = "<group>";
		};
		FCD19B7928B6774E0037C025 = {
			isa = PBXGroup;
			children = (
				FCD19B8428B6774E0037C025 /* WebAntPhotoGallery */,
				FCD19B8328B6774E0037C025 /* Products */,
			);
			sourceTree = "<group>";
		};
		FCD19B8328B6774E0037C025 /* Products */ = {
			isa = PBXGroup;
			children = (
				FCD19B8228B6774E0037C025 /* WebAntPhotoGallery.app */,
			);
			name = Products;
			sourceTree = "<group>";
		};
		FCD19B8428B6774E0037C025 /* WebAntPhotoGallery */ = {
			isa = PBXGroup;
			children = (
				FCC90BD228B8FD63003ECA16 /* API */,
				FCC90BD828BCA4E6003ECA16 /* NewViewController.swift */,
				FCC90BDA28BCBD30003ECA16 /* GalleryCollectionView.swift */,
				FCC90BDC28BCC5BB003ECA16 /* GalleryCollectionViewCell.swift */,
				FCC90BCC28B8BBC4003ECA16 /* MainViewController.swift */,
				FCC90BCE28B8BBE4003ECA16 /* MainViewController.storyboard */,
				FCC90BD028B8BC17003ECA16 /* DescriptionViewController.swift */,
				FCD19B8528B6774E0037C025 /* AppDelegate.swift */,
				FCD19B8728B6774E0037C025 /* SceneDelegate.swift */,
				FCD19B8E28B677520037C025 /* Assets.xcassets */,
				FCD19B9028B677520037C025 /* LaunchScreen.storyboard */,
				FCD19B9328B677520037C025 /* Info.plist */,
			);
			path = WebAntPhotoGallery;
			sourceTree = "<group>";
		};
/* End PBXGroup section */

/* Begin PBXNativeTarget section */
		FCD19B8128B6774E0037C025 /* WebAntPhotoGallery */ = {
			isa = PBXNativeTarget;
			buildConfigurationList = FCD19B9628B677520037C025 /* Build configuration list for PBXNativeTarget "WebAntPhotoGallery" */;
			buildPhases = (
				FCD19B7E28B6774E0037C025 /* Sources */,
				FCD19B7F28B6774E0037C025 /* Frameworks */,
				FCD19B8028B6774E0037C025 /* Resources */,
			);
			buildRules = (
			);
			dependencies = (
			);
			name = WebAntPhotoGallery;
			productName = WebAntPhotoGallery;
			productReference = FCD19B8228B6774E0037C025 /* WebAntPhotoGallery.app */;
			productType = "com.apple.product-type.application";
		};
/* End PBXNativeTarget section */

/* Begin PBXProject section */
		FCD19B7A28B6774E0037C025 /* Project object */ = {
			isa = PBXProject;
			attributes = {
				BuildIndependentTargetsInParallel = 1;
				LastSwiftUpdateCheck = 1310;
				LastUpgradeCheck = 1310;
				TargetAttributes = {
					FCD19B8128B6774E0037C025 = {
						CreatedOnToolsVersion = 13.1;
					};
				};
			};
			buildConfigurationList = FCD19B7D28B6774E0037C025 /* Build configuration list for PBXProject "WebAntPhotoGallery" */;
			compatibilityVersion = "Xcode 13.0";
			developmentRegion = en;
			hasScannedForEncodings = 0;
			knownRegions = (
				en,
				Base,
			);
			mainGroup = FCD19B7928B6774E0037C025;
			productRefGroup = FCD19B8328B6774E0037C025 /* Products */;
			projectDirPath = "";
			projectRoot = "";
			targets = (
				FCD19B8128B6774E0037C025 /* WebAntPhotoGallery */,
			);
		};
/* End PBXProject section */

/* Begin PBXResourcesBuildPhase section */
		FCD19B8028B6774E0037C025 /* Resources */ = {
			isa = PBXResourcesBuildPhase;
			buildActionMask = 2147483647;
			files = (
				FCC90BCF28B8BBE4003ECA16 /* MainViewController.storyboard in Resources */,
				FCD19B9228B677520037C025 /* LaunchScreen.storyboard in Resources */,
				FCD19B8F28B677520037C025 /* Assets.xcassets in Resources */,
			);
			runOnlyForDeploymentPostprocessing = 0;
		};
/* End PBXResourcesBuildPhase section */

/* Begin PBXSourcesBuildPhase section */
		FCD19B7E28B6774E0037C025 /* Sources */ = {
			isa = PBXSourcesBuildPhase;
			buildActionMask = 2147483647;
			files = (
				FCC90BD128B8BC17003ECA16 /* DescriptionViewController.swift in Sources */,
				FCD19B8628B6774E0037C025 /* AppDelegate.swift in Sources */,
				FCC90BD928BCA4E6003ECA16 /* NewViewController.swift in Sources */,
				FCD19B8828B6774E0037C025 /* SceneDelegate.swift in Sources */,
				FCC90BD728B8FE06003ECA16 /* NetworkService.swift in Sources */,
				FCC90BDB28BCBD30003ECA16 /* GalleryCollectionView.swift in Sources */,
				FCC90BCD28B8BBC4003ECA16 /* MainViewController.swift in Sources */,
				FCC90BDD28BCC5BB003ECA16 /* GalleryCollectionViewCell.swift in Sources */,
				FCC90BD528B8FD8D003ECA16 /* Model.swift in Sources */,
			);
			runOnlyForDeploymentPostprocessing = 0;
		};
/* End PBXSourcesBuildPhase section */

/* Begin PBXVariantGroup section */
		FCD19B9028B677520037C025 /* LaunchScreen.storyboard */ = {
			isa = PBXVariantGroup;
			children = (
				FCD19B9128B677520037C025 /* Base */,
			);
			name = LaunchScreen.storyboard;
			sourceTree = "<group>";
		};
/* End PBXVariantGroup section */

/* Begin XCBuildConfiguration section */
		FCD19B9428B677520037C025 /* Debug */ = {
			isa = XCBuildConfiguration;
			buildSettings = {
				ALWAYS_SEARCH_USER_PATHS = NO;
				CLANG_ANALYZER_NONNULL = YES;
				CLANG_ANALYZER_NUMBER_OBJECT_CONVERSION = YES_AGGRESSIVE;
				CLANG_CXX_LANGUAGE_STANDARD = "gnu++17";
				CLANG_CXX_LIBRARY = "libc++";
				CLANG_ENABLE_MODULES = YES;
				CLANG_ENABLE_OBJC_ARC = YES;
				CLANG_ENABLE_OBJC_WEAK = YES;
				CLANG_WARN_BLOCK_CAPTURE_AUTORELEASING = YES;
				CLANG_WARN_BOOL_CONVERSION = YES;
				CLANG_WARN_COMMA = YES;
				CLANG_WARN_CONSTANT_CONVERSION = YES;
				CLANG_WARN_DEPRECATED_OBJC_IMPLEMENTATIONS = YES;
				CLANG_WARN_DIRECT_OBJC_ISA_USAGE = YES_ERROR;
				CLANG_WARN_DOCUMENTATION_COMMENTS = YES;
				CLANG_WARN_EMPTY_BODY = YES;
				CLANG_WARN_ENUM_CONVERSION = YES;
				CLANG_WARN_INFINITE_RECURSION = YES;
				CLANG_WARN_INT_CONVERSION = YES;
				CLANG_WARN_NON_LITERAL_NULL_CONVERSION = YES;
				CLANG_WARN_OBJC_IMPLICIT_RETAIN_SELF = YES;
				CLANG_WARN_OBJC_LITERAL_CONVERSION = YES;
				CLANG_WARN_OBJC_ROOT_CLASS = YES_ERROR;
				CLANG_WARN_QUOTED_INCLUDE_IN_FRAMEWORK_HEADER = YES;
				CLANG_WARN_RANGE_LOOP_ANALYSIS = YES;
				CLANG_WARN_STRICT_PROTOTYPES = YES;
				CLANG_WARN_SUSPICIOUS_MOVE = YES;
				CLANG_WARN_UNGUARDED_AVAILABILITY = YES_AGGRESSIVE;
				CLANG_WARN_UNREACHABLE_CODE = YES;
				CLANG_WARN__DUPLICATE_METHOD_MATCH = YES;
				COPY_PHASE_STRIP = NO;
				DEBUG_INFORMATION_FORMAT = dwarf;
				ENABLE_STRICT_OBJC_MSGSEND = YES;
				ENABLE_TESTABILITY = YES;
				GCC_C_LANGUAGE_STANDARD = gnu11;
				GCC_DYNAMIC_NO_PIC = NO;
				GCC_NO_COMMON_BLOCKS = YES;
				GCC_OPTIMIZATION_LEVEL = 0;
				GCC_PREPROCESSOR_DEFINITIONS = (
					"DEBUG=1",
					"$(inherited)",
				);
				GCC_WARN_64_TO_32_BIT_CONVERSION = YES;
				GCC_WARN_ABOUT_RETURN_TYPE = YES_ERROR;
				GCC_WARN_UNDECLARED_SELECTOR = YES;
				GCC_WARN_UNINITIALIZED_AUTOS = YES_AGGRESSIVE;
				GCC_WARN_UNUSED_FUNCTION = YES;
				GCC_WARN_UNUSED_VARIABLE = YES;
				IPHONEOS_DEPLOYMENT_TARGET = 13.0;
				MTL_ENABLE_DEBUG_INFO = INCLUDE_SOURCE;
				MTL_FAST_MATH = YES;
				ONLY_ACTIVE_ARCH = YES;
				SDKROOT = iphoneos;
				SWIFT_ACTIVE_COMPILATION_CONDITIONS = DEBUG;
				SWIFT_OPTIMIZATION_LEVEL = "-Onone";
			};
			name = Debug;
		};
		FCD19B9528B677520037C025 /* Release */ = {
			isa = XCBuildConfiguration;
			buildSettings = {
				ALWAYS_SEARCH_USER_PATHS = NO;
				CLANG_ANALYZER_NONNULL = YES;
				CLANG_ANALYZER_NUMBER_OBJECT_CONVERSION = YES_AGGRESSIVE;
				CLANG_CXX_LANGUAGE_STANDARD = "gnu++17";
				CLANG_CXX_LIBRARY = "libc++";
				CLANG_ENABLE_MODULES = YES;
				CLANG_ENABLE_OBJC_ARC = YES;
				CLANG_ENABLE_OBJC_WEAK = YES;
				CLANG_WARN_BLOCK_CAPTURE_AUTORELEASING = YES;
				CLANG_WARN_BOOL_CONVERSION = YES;
				CLANG_WARN_COMMA = YES;
				CLANG_WARN_CONSTANT_CONVERSION = YES;
				CLANG_WARN_DEPRECATED_OBJC_IMPLEMENTATIONS = YES;
				CLANG_WARN_DIRECT_OBJC_ISA_USAGE = YES_ERROR;
				CLANG_WARN_DOCUMENTATION_COMMENTS = YES;
				CLANG_WARN_EMPTY_BODY = YES;
				CLANG_WARN_ENUM_CONVERSION = YES;
				CLANG_WARN_INFINITE_RECURSION = YES;
				CLANG_WARN_INT_CONVERSION = YES;
				CLANG_WARN_NON_LITERAL_NULL_CONVERSION = YES;
				CLANG_WARN_OBJC_IMPLICIT_RETAIN_SELF = YES;
				CLANG_WARN_OBJC_LITERAL_CONVERSION = YES;
				CLANG_WARN_OBJC_ROOT_CLASS = YES_ERROR;
				CLANG_WARN_QUOTED_INCLUDE_IN_FRAMEWORK_HEADER = YES;
				CLANG_WARN_RANGE_LOOP_ANALYSIS = YES;
				CLANG_WARN_STRICT_PROTOTYPES = YES;
				CLANG_WARN_SUSPICIOUS_MOVE = YES;
				CLANG_WARN_UNGUARDED_AVAILABILITY = YES_AGGRESSIVE;
				CLANG_WARN_UNREACHABLE_CODE = YES;
				CLANG_WARN__DUPLICATE_METHOD_MATCH = YES;
				COPY_PHASE_STRIP = NO;
				DEBUG_INFORMATION_FORMAT = "dwarf-with-dsym";
				ENABLE_NS_ASSERTIONS = NO;
				ENABLE_STRICT_OBJC_MSGSEND = YES;
				GCC_C_LANGUAGE_STANDARD = gnu11;
				GCC_NO_COMMON_BLOCKS = YES;
				GCC_WARN_64_TO_32_BIT_CONVERSION = YES;
				GCC_WARN_ABOUT_RETURN_TYPE = YES_ERROR;
				GCC_WARN_UNDECLARED_SELECTOR = YES;
				GCC_WARN_UNINITIALIZED_AUTOS = YES_AGGRESSIVE;
				GCC_WARN_UNUSED_FUNCTION = YES;
				GCC_WARN_UNUSED_VARIABLE = YES;
				IPHONEOS_DEPLOYMENT_TARGET = 13.0;
				MTL_ENABLE_DEBUG_INFO = NO;
				MTL_FAST_MATH = YES;
				SDKROOT = iphoneos;
				SWIFT_COMPILATION_MODE = wholemodule;
				SWIFT_OPTIMIZATION_LEVEL = "-O";
				VALIDATE_PRODUCT = YES;
			};
			name = Release;
		};
		FCD19B9728B677520037C025 /* Debug */ = {
			isa = XCBuildConfiguration;
			buildSettings = {
				ASSETCATALOG_COMPILER_APPICON_NAME = AppIcon;
				ASSETCATALOG_COMPILER_GLOBAL_ACCENT_COLOR_NAME = AccentColor;
				CODE_SIGN_STYLE = Automatic;
				CURRENT_PROJECT_VERSION = 1;
				DEVELOPMENT_TEAM = TY4Z5A4HHN;
				GENERATE_INFOPLIST_FILE = YES;
				INFOPLIST_FILE = WebAntPhotoGallery/Info.plist;
				INFOPLIST_KEY_UIApplicationSupportsIndirectInputEvents = YES;
				INFOPLIST_KEY_UILaunchStoryboardName = LaunchScreen;
				INFOPLIST_KEY_UISupportedInterfaceOrientations_iPad = "UIInterfaceOrientationPortrait UIInterfaceOrientationPortraitUpsideDown UIInterfaceOrientationLandscapeLeft UIInterfaceOrientationLandscapeRight";
				INFOPLIST_KEY_UISupportedInterfaceOrientations_iPhone = "UIInterfaceOrientationPortrait UIInterfaceOrientationLandscapeLeft UIInterfaceOrientationLandscapeRight";
				LD_RUNPATH_SEARCH_PATHS = (
					"$(inherited)",
					"@executable_path/Frameworks",
				);
				MARKETING_VERSION = 1.0;
				PRODUCT_BUNDLE_IDENTIFIER = asbul.WebAntPhotoGallery;
				PRODUCT_NAME = "$(TARGET_NAME)";
				SWIFT_EMIT_LOC_STRINGS = YES;
				SWIFT_VERSION = 5.0;
				TARGETED_DEVICE_FAMILY = "1,2";
			};
			name = Debug;
		};
		FCD19B9828B677520037C025 /* Release */ = {
			isa = XCBuildConfiguration;
			buildSettings = {
				ASSETCATALOG_COMPILER_APPICON_NAME = AppIcon;
				ASSETCATALOG_COMPILER_GLOBAL_ACCENT_COLOR_NAME = AccentColor;
				CODE_SIGN_STYLE = Automatic;
				CURRENT_PROJECT_VERSION = 1;
				DEVELOPMENT_TEAM = TY4Z5A4HHN;
				GENERATE_INFOPLIST_FILE = YES;
				INFOPLIST_FILE = WebAntPhotoGallery/Info.plist;
				INFOPLIST_KEY_UIApplicationSupportsIndirectInputEvents = YES;
				INFOPLIST_KEY_UILaunchStoryboardName = LaunchScreen;
				INFOPLIST_KEY_UISupportedInterfaceOrientations_iPad = "UIInterfaceOrientationPortrait UIInterfaceOrientationPortraitUpsideDown UIInterfaceOrientationLandscapeLeft UIInterfaceOrientationLandscapeRight";
				INFOPLIST_KEY_UISupportedInterfaceOrientations_iPhone = "UIInterfaceOrientationPortrait UIInterfaceOrientationLandscapeLeft UIInterfaceOrientationLandscapeRight";
				LD_RUNPATH_SEARCH_PATHS = (
					"$(inherited)",
					"@executable_path/Frameworks",
				);
				MARKETING_VERSION = 1.0;
				PRODUCT_BUNDLE_IDENTIFIER = asbul.WebAntPhotoGallery;
				PRODUCT_NAME = "$(TARGET_NAME)";
				SWIFT_EMIT_LOC_STRINGS = YES;
				SWIFT_VERSION = 5.0;
				TARGETED_DEVICE_FAMILY = "1,2";
			};
			name = Release;
		};
/* End XCBuildConfiguration section */

/* Begin XCConfigurationList section */
		FCD19B7D28B6774E0037C025 /* Build configuration list for PBXProject "WebAntPhotoGallery" */ = {
			isa = XCConfigurationList;
			buildConfigurations = (
				FCD19B9428B677520037C025 /* Debug */,
				FCD19B9528B677520037C025 /* Release */,
			);
			defaultConfigurationIsVisible = 0;
			defaultConfigurationName = Release;
		};
		FCD19B9628B677520037C025 /* Build configuration list for PBXNativeTarget "WebAntPhotoGallery" */ = {
			isa = XCConfigurationList;
			buildConfigurations = (
				FCD19B9728B677520037C025 /* Debug */,
				FCD19B9828B677520037C025 /* Release */,
			);
			defaultConfigurationIsVisible = 0;
			defaultConfigurationName = Release;
		};
/* End XCConfigurationList section */
	};
	rootObject = FCD19B7A28B6774E0037C025 /* Project object */;
}
